
Microsoft Visual Studio Solution File, Format Version 12.00
# Visual Studio Version 16
VisualStudioVersion = 16.0.31624.102
MinimumVisualStudioVersion = 10.0.40219.1
Project("{FAE04EC0-301F-11D3-BF4B-00C04F79EFBC}") = "CarClient", "CarClient.csproj", "{98E6ACEE-5A94-4AFA-A0B9-F829403CDF42}"
EndProject
Global
	GlobalSection(SolutionConfigurationPlatforms) = preSolution
		Debug|Any CPU = Debug|Any CPU
		Release|Any CPU = Release|Any CPU
	EndGlobalSection
	GlobalSection(ProjectConfigurationPlatforms) = postSolution
		{98E6ACEE-5A94-4AFA-A0B9-F829403CDF42}.Debug|Any CPU.ActiveCfg = Debug|Any CPU
		{98E6ACEE-5A94-4AFA-A0B9-F829403CDF42}.Debug|Any CPU.Build.0 = Debug|Any CPU
		{98E6ACEE-5A94-4AFA-A0B9-F829403CDF42}.Release|Any CPU.ActiveCfg = Release|Any CPU
		{98E6ACEE-5A94-4AFA-A0B9-F829403CDF42}.Release|Any CPU.Build.0 = Release|Any CPU
	EndGlobalSection
	GlobalSection(SolutionProperties) = preSolution
		HideSolutionNode = FALSE
	EndGlobalSection
	GlobalSection(ExtensibilityGlobals) = postSolution
		SolutionGuid = {6DA5422A-177C-402D-A80C-AD0DDE70365B}
	EndGlobalSection
EndGlobal
