
Microsoft Visual Studio Solution File, Format Version 12.00
# Visual Studio Version 16
VisualStudioVersion = 16.0.31624.102
MinimumVisualStudioVersion = 10.0.40219.1
Project("{FAE04EC0-301F-11D3-BF4B-00C04F79EFBC}") = "CarLibrary", "CarLibrary.csproj", "{2B85EFA5-CFCF-4A1D-9FEE-0A9289A4D58D}"
EndProject
Global
	GlobalSection(SolutionConfigurationPlatforms) = preSolution
		Debug|Any CPU = Debug|Any CPU
		Release|Any CPU = Release|Any CPU
	EndGlobalSection
	GlobalSection(ProjectConfigurationPlatforms) = postSolution
		{2B85EFA5-CFCF-4A1D-9FEE-0A9289A4D58D}.Debug|Any CPU.ActiveCfg = Debug|Any CPU
		{2B85EFA5-CFCF-4A1D-9FEE-0A9289A4D58D}.Debug|Any CPU.Build.0 = Debug|Any CPU
		{2B85EFA5-CFCF-4A1D-9FEE-0A9289A4D58D}.Release|Any CPU.ActiveCfg = Release|Any CPU
		{2B85EFA5-CFCF-4A1D-9FEE-0A9289A4D58D}.Release|Any CPU.Build.0 = Release|Any CPU
	EndGlobalSection
	GlobalSection(SolutionProperties) = preSolution
		HideSolutionNode = FALSE
	EndGlobalSection
	GlobalSection(ExtensibilityGlobals) = postSolution
		SolutionGuid = {A75D0F40-8461-46C3-AE15-B34FE4A21B05}
	EndGlobalSection
EndGlobal
