
Microsoft Visual Studio Solution File, Format Version 12.00
# Visual Studio Version 16
VisualStudioVersion = 16.0.31702.278
MinimumVisualStudioVersion = 10.0.40219.1
Project("{FAE04EC0-301F-11D3-BF4B-00C04F79EFBC}") = "UITestOpgaveNice", "UITestOpgaveNice.csproj", "{54DAEE2E-980F-49FD-9520-4BA9DC0F10AC}"
EndProject
Global
	GlobalSection(SolutionConfigurationPlatforms) = preSolution
		Debug|Any CPU = Debug|Any CPU
		Release|Any CPU = Release|Any CPU
	EndGlobalSection
	GlobalSection(ProjectConfigurationPlatforms) = postSolution
		{54DAEE2E-980F-49FD-9520-4BA9DC0F10AC}.Debug|Any CPU.ActiveCfg = Debug|Any CPU
		{54DAEE2E-980F-49FD-9520-4BA9DC0F10AC}.Debug|Any CPU.Build.0 = Debug|Any CPU
		{54DAEE2E-980F-49FD-9520-4BA9DC0F10AC}.Release|Any CPU.ActiveCfg = Release|Any CPU
		{54DAEE2E-980F-49FD-9520-4BA9DC0F10AC}.Release|Any CPU.Build.0 = Release|Any CPU
	EndGlobalSection
	GlobalSection(SolutionProperties) = preSolution
		HideSolutionNode = FALSE
	EndGlobalSection
	GlobalSection(ExtensibilityGlobals) = postSolution
		SolutionGuid = {67A1E74E-DA95-48E5-8AF6-67AD063C3B30}
	EndGlobalSection
EndGlobal
